
Microsoft Visual Studio Solution File, Format Version 12.00
# Visual Studio Version 17
VisualStudioVersion = 17.3.32929.385
MinimumVisualStudioVersion = 10.0.40219.1
Project("{FAE04EC0-301F-11D3-BF4B-00C04F79EFBC}") = "Yudindm.Diagnostics.DumpExt", "Yudindm.Diagnostics.DumpExt\Yudindm.Diagnostics.DumpExt.csproj", "{1073040C-515F-4DA5-A25D-7E303FCC6F4C}"
EndProject
Project("{2150E333-8FDC-42A3-9474-1A3956D46DE8}") = "Solution Items", "Solution Items", "{5AB6C365-F016-4BFE-9BD6-B7ADF0FA4753}"
	ProjectSection(SolutionItems) = preProject
		README.md = README.md
	EndProjectSection
EndProject
Global
	GlobalSection(SolutionConfigurationPlatforms) = preSolution
		Debug|Any CPU = Debug|Any CPU
		Release|Any CPU = Release|Any CPU
	EndGlobalSection
	GlobalSection(ProjectConfigurationPlatforms) = postSolution
		{1073040C-515F-4DA5-A25D-7E303FCC6F4C}.Debug|Any CPU.ActiveCfg = Debug|Any CPU
		{1073040C-515F-4DA5-A25D-7E303FCC6F4C}.Debug|Any CPU.Build.0 = Debug|Any CPU
		{1073040C-515F-4DA5-A25D-7E303FCC6F4C}.Release|Any CPU.ActiveCfg = Release|Any CPU
		{1073040C-515F-4DA5-A25D-7E303FCC6F4C}.Release|Any CPU.Build.0 = Release|Any CPU
	EndGlobalSection
	GlobalSection(SolutionProperties) = preSolution
		HideSolutionNode = FALSE
	EndGlobalSection
	GlobalSection(ExtensibilityGlobals) = postSolution
		SolutionGuid = {D43F01B3-B27C-4786-A815-5FBABC9C0CA0}
	EndGlobalSection
EndGlobal
